
Microsoft Visual Studio Solution File, Format Version 12.00
# Visual Studio 15
VisualStudioVersion = 15.0.26430.15
MinimumVisualStudioVersion = 10.0.40219.1
Project("{FAE04EC0-301F-11D3-BF4B-00C04F79EFBC}") = "FoodPocket", "FoodPocket\FoodPocket.csproj", "{DAC7856D-9194-4308-8C6D-E7D567A7DD76}"
EndProject
Project("{FAE04EC0-301F-11D3-BF4B-00C04F79EFBC}") = "FoodRandom", "WindowsFormsApp1\FoodRandom.csproj", "{06B4237A-E7ED-46C7-BDF7-874785A55480}"
EndProject
Global
	GlobalSection(SolutionConfigurationPlatforms) = preSolution
		Debug|Any CPU = Debug|Any CPU
		Release|Any CPU = Release|Any CPU
	EndGlobalSection
	GlobalSection(ProjectConfigurationPlatforms) = postSolution
		{DAC7856D-9194-4308-8C6D-E7D567A7DD76}.Debug|Any CPU.ActiveCfg = Debug|Any CPU
		{DAC7856D-9194-4308-8C6D-E7D567A7DD76}.Debug|Any CPU.Build.0 = Debug|Any CPU
		{DAC7856D-9194-4308-8C6D-E7D567A7DD76}.Release|Any CPU.ActiveCfg = Release|Any CPU
		{DAC7856D-9194-4308-8C6D-E7D567A7DD76}.Release|Any CPU.Build.0 = Release|Any CPU
		{06B4237A-E7ED-46C7-BDF7-874785A55480}.Debug|Any CPU.ActiveCfg = Debug|Any CPU
		{06B4237A-E7ED-46C7-BDF7-874785A55480}.Debug|Any CPU.Build.0 = Debug|Any CPU
		{06B4237A-E7ED-46C7-BDF7-874785A55480}.Release|Any CPU.ActiveCfg = Release|Any CPU
		{06B4237A-E7ED-46C7-BDF7-874785A55480}.Release|Any CPU.Build.0 = Release|Any CPU
	EndGlobalSection
	GlobalSection(SolutionProperties) = preSolution
		HideSolutionNode = FALSE
	EndGlobalSection
EndGlobal
