
Microsoft Visual Studio Solution File, Format Version 12.00
# Visual Studio 15
VisualStudioVersion = 15.0.26430.15
MinimumVisualStudioVersion = 10.0.40219.1
Project("{FAE04EC0-301F-11D3-BF4B-00C04F79EFBC}") = "PokemonLibrary", "..\..\PokemonLibrary\PokemonLibrary\PokemonLibrary.csproj", "{500DD365-1C3A-41CA-BFBF-6A39B6B21E3E}"
EndProject
Project("{FAE04EC0-301F-11D3-BF4B-00C04F79EFBC}") = "EasyMathLibrary", "..\EasyMathLibrary\EasyMathLibrary\EasyMathLibrary.csproj", "{B1AAC1D2-9316-4DA1-BC67-A38D2BF868AA}"
EndProject
Project("{FAE04EC0-301F-11D3-BF4B-00C04F79EFBC}") = "Lecture02-Example2", "..\..\Lecture02-Example\Lecture02-Example2\Lecture02-Example2.csproj", "{5C92DBF8-CC5B-4A1B-9921-2CBE3CD342F9}"
EndProject
Global
	GlobalSection(SolutionConfigurationPlatforms) = preSolution
		Debug|Any CPU = Debug|Any CPU
		Release|Any CPU = Release|Any CPU
	EndGlobalSection
	GlobalSection(ProjectConfigurationPlatforms) = postSolution
		{500DD365-1C3A-41CA-BFBF-6A39B6B21E3E}.Debug|Any CPU.ActiveCfg = Debug|Any CPU
		{500DD365-1C3A-41CA-BFBF-6A39B6B21E3E}.Debug|Any CPU.Build.0 = Debug|Any CPU
		{500DD365-1C3A-41CA-BFBF-6A39B6B21E3E}.Release|Any CPU.ActiveCfg = Release|Any CPU
		{500DD365-1C3A-41CA-BFBF-6A39B6B21E3E}.Release|Any CPU.Build.0 = Release|Any CPU
		{B1AAC1D2-9316-4DA1-BC67-A38D2BF868AA}.Debug|Any CPU.ActiveCfg = Debug|Any CPU
		{B1AAC1D2-9316-4DA1-BC67-A38D2BF868AA}.Debug|Any CPU.Build.0 = Debug|Any CPU
		{B1AAC1D2-9316-4DA1-BC67-A38D2BF868AA}.Release|Any CPU.ActiveCfg = Release|Any CPU
		{B1AAC1D2-9316-4DA1-BC67-A38D2BF868AA}.Release|Any CPU.Build.0 = Release|Any CPU
		{5C92DBF8-CC5B-4A1B-9921-2CBE3CD342F9}.Debug|Any CPU.ActiveCfg = Debug|Any CPU
		{5C92DBF8-CC5B-4A1B-9921-2CBE3CD342F9}.Debug|Any CPU.Build.0 = Debug|Any CPU
		{5C92DBF8-CC5B-4A1B-9921-2CBE3CD342F9}.Release|Any CPU.ActiveCfg = Release|Any CPU
		{5C92DBF8-CC5B-4A1B-9921-2CBE3CD342F9}.Release|Any CPU.Build.0 = Release|Any CPU
	EndGlobalSection
	GlobalSection(SolutionProperties) = preSolution
		HideSolutionNode = FALSE
	EndGlobalSection
EndGlobal
